{
  "requires": true,
  "lockfileVersion": 1,
  "dependencies": {
    "ng2-bs3-modal": {
      "version": "0.13.0",
      "resolved": "https://registry.npmjs.org/ng2-bs3-modal/-/ng2-bs3-modal-0.13.0.tgz",
      "integrity": "sha512-rCxLpyTFXGpQOQCm32N4xGTN2roBsmIyUNQw6dFd/2yjVK+t7zmsFSO5IIuHioXAzTVGr4/LHFTOiz0JvJGnbg=="
    }
  }
}
